// !$*UTF8*$!
{
	archiveVersion = 1;
	classes = {
	};
	objectVersion = 56;
	objects = {

/* Begin PBXBuildFile section */
		0AFC15294C7DA788837220EA /* Pods_GourmetApp.framework in Frameworks */ = {isa = PBXBuildFile; fileRef = 5C1FBFF4A68E383D35C4DFA8 /* Pods_GourmetApp.framework */; };
		C92152B22CB79A8600BE8551 /* FavoriteViewCell.xib in Resources */ = {isa = PBXBuildFile; fileRef = C92152B12CB79A8600BE8551 /* FavoriteViewCell.xib */; };
		C92152B32CB79A8600BE8551 /* FavoriteViewCell.swift in Sources */ = {isa = PBXBuildFile; fileRef = C92152B02CB79A8600BE8551 /* FavoriteViewCell.swift */; };
		C9A741F22CAA910800E90ECD /* UserDefaultsManager.swift in Sources */ = {isa = PBXBuildFile; fileRef = C9A741F12CAA910800E90ECD /* UserDefaultsManager.swift */; };
		C9B076CB2CA174B800A253D2 /* PhotoEntity.swift in Sources */ = {isa = PBXBuildFile; fileRef = C9B076CA2CA174B800A253D2 /* PhotoEntity.swift */; };
		C9B076CE2CA2AD4E00A253D2 /* ShopImageCell.xib in Resources */ = {isa = PBXBuildFile; fileRef = C9B076CD2CA2AD4E00A253D2 /* ShopImageCell.xib */; };
		C9B076CF2CA2AD4E00A253D2 /* ShopImageCell.swift in Sources */ = {isa = PBXBuildFile; fileRef = C9B076CC2CA2AD4E00A253D2 /* ShopImageCell.swift */; };
		C9D3CD972C800CAA000D0615 /* AppDelegate.swift in Sources */ = {isa = PBXBuildFile; fileRef = C9D3CD962C800CAA000D0615 /* AppDelegate.swift */; };
		C9D3CD9B2C800CAA000D0615 /* ViewController.swift in Sources */ = {isa = PBXBuildFile; fileRef = C9D3CD9A2C800CAA000D0615 /* ViewController.swift */; };
		C9D3CDA02C800CAC000D0615 /* Assets.xcassets in Resources */ = {isa = PBXBuildFile; fileRef = C9D3CD9F2C800CAC000D0615 /* Assets.xcassets */; };
		C9D3CDA32C800CAC000D0615 /* Base in Resources */ = {isa = PBXBuildFile; fileRef = C9D3CDA22C800CAC000D0615 /* Base */; };
		C9D3CDAE2C800CAC000D0615 /* GourmetAppTests.swift in Sources */ = {isa = PBXBuildFile; fileRef = C9D3CDAD2C800CAC000D0615 /* GourmetAppTests.swift */; };
		C9D3CDB82C800CAD000D0615 /* GourmetAppUITests.swift in Sources */ = {isa = PBXBuildFile; fileRef = C9D3CDB72C800CAD000D0615 /* GourmetAppUITests.swift */; };
		C9D3CDBA2C800CAD000D0615 /* GourmetAppUITestsLaunchTests.swift in Sources */ = {isa = PBXBuildFile; fileRef = C9D3CDB92C800CAD000D0615 /* GourmetAppUITestsLaunchTests.swift */; };
		C9D3CDDE2C800EB2000D0615 /* ListCell.swift in Sources */ = {isa = PBXBuildFile; fileRef = C9D3CDDC2C800EB2000D0615 /* ListCell.swift */; };
		C9D3CDDF2C800EB2000D0615 /* ListCell.xib in Resources */ = {isa = PBXBuildFile; fileRef = C9D3CDDD2C800EB2000D0615 /* ListCell.xib */; };
		C9D3CDE22C800FDE000D0615 /* SearchResultController.swift in Sources */ = {isa = PBXBuildFile; fileRef = C9D3CDE02C800FDE000D0615 /* SearchResultController.swift */; };
		C9D3CDE32C800FDE000D0615 /* SearchResultController.xib in Resources */ = {isa = PBXBuildFile; fileRef = C9D3CDE12C800FDE000D0615 /* SearchResultController.xib */; };
		C9D3CDE52C8041FF000D0615 /* TabBarController.swift in Sources */ = {isa = PBXBuildFile; fileRef = C9D3CDE42C8041FF000D0615 /* TabBarController.swift */; };
		C9D3CDE82C804779000D0615 /* FavoriteCollectionViewController.swift in Sources */ = {isa = PBXBuildFile; fileRef = C9D3CDE62C804779000D0615 /* FavoriteCollectionViewController.swift */; };
		C9D3CDE92C804779000D0615 /* FavoriteCollectionViewController.xib in Resources */ = {isa = PBXBuildFile; fileRef = C9D3CDE72C804779000D0615 /* FavoriteCollectionViewController.xib */; };
		C9D6DB442C9C1F9B003D896A /* CouponController.xib in Resources */ = {isa = PBXBuildFile; fileRef = C9D6DB352C9C1F9A003D896A /* CouponController.xib */; };
		C9D6DB452C9C1F9B003D896A /* URL+Add.swift in Sources */ = {isa = PBXBuildFile; fileRef = C9D6DB362C9C1F9A003D896A /* URL+Add.swift */; };
		C9D6DB462C9C1F9B003D896A /* ShopDetailController.xib in Resources */ = {isa = PBXBuildFile; fileRef = C9D6DB372C9C1F9A003D896A /* ShopDetailController.xib */; };
		C9D6DB482C9C1F9B003D896A /* ShopDetailCell.swift in Sources */ = {isa = PBXBuildFile; fileRef = C9D6DB392C9C1F9A003D896A /* ShopDetailCell.swift */; };
		C9D6DB4A2C9C1F9B003D896A /* GenreEntity.swift in Sources */ = {isa = PBXBuildFile; fileRef = C9D6DB3B2C9C1F9A003D896A /* GenreEntity.swift */; };
		C9D6DB4B2C9C1F9B003D896A /* GourmetSearchShopEntity.swift in Sources */ = {isa = PBXBuildFile; fileRef = C9D6DB3C2C9C1F9A003D896A /* GourmetSearchShopEntity.swift */; };
		C9D6DB4C2C9C1F9B003D896A /* ShopDetailCell.xib in Resources */ = {isa = PBXBuildFile; fileRef = C9D6DB3D2C9C1F9B003D896A /* ShopDetailCell.xib */; };
		C9D6DB4D2C9C1F9B003D896A /* CouponController.swift in Sources */ = {isa = PBXBuildFile; fileRef = C9D6DB3E2C9C1F9B003D896A /* CouponController.swift */; };
		C9D6DB4E2C9C1F9B003D896A /* SceneDelegate.swift in Sources */ = {isa = PBXBuildFile; fileRef = C9D6DB3F2C9C1F9B003D896A /* SceneDelegate.swift */; };
		C9D6DB4F2C9C1F9B003D896A /* Secret.swift in Sources */ = {isa = PBXBuildFile; fileRef = C9D6DB402C9C1F9B003D896A /* Secret.swift */; };
		C9D6DB502C9C1F9B003D896A /* GourmetSearchFetcher.swift in Sources */ = {isa = PBXBuildFile; fileRef = C9D6DB412C9C1F9B003D896A /* GourmetSearchFetcher.swift */; };
		C9D6DB512C9C1F9B003D896A /* ShopDetailController.swift in Sources */ = {isa = PBXBuildFile; fileRef = C9D6DB422C9C1F9B003D896A /* ShopDetailController.swift */; };
		C9D6DB522C9C1F9B003D896A /* CouponUrlEntity.swift in Sources */ = {isa = PBXBuildFile; fileRef = C9D6DB432C9C1F9B003D896A /* CouponUrlEntity.swift */; };
		CD4A7F96A9B29903CAF44592 /* Pods_GourmetAppTests.framework in Frameworks */ = {isa = PBXBuildFile; fileRef = 57141C0D31D27451675241C7 /* Pods_GourmetAppTests.framework */; };
		E9AC9E39A188B86E54F0A2FF /* Pods_GourmetApp_GourmetAppUITests.framework in Frameworks */ = {isa = PBXBuildFile; fileRef = 9A4307549CDDA6346CB6606C /* Pods_GourmetApp_GourmetAppUITests.framework */; };
/* End PBXBuildFile section */

/* Begin PBXContainerItemProxy section */
		C9D3CDAA2C800CAC000D0615 /* PBXContainerItemProxy */ = {
			isa = PBXContainerItemProxy;
			containerPortal = C9D3CD8B2C800CAA000D0615 /* Project object */;
			proxyType = 1;
			remoteGlobalIDString = C9D3CD922C800CAA000D0615;
			remoteInfo = GourmetApp;
		};
		C9D3CDB42C800CAD000D0615 /* PBXContainerItemProxy */ = {
			isa = PBXContainerItemProxy;
			containerPortal = C9D3CD8B2C800CAA000D0615 /* Project object */;
			proxyType = 1;
			remoteGlobalIDString = C9D3CD922C800CAA000D0615;
			remoteInfo = GourmetApp;
		};
/* End PBXContainerItemProxy section */

/* Begin PBXCopyFilesBuildPhase section */
		C98872EB2C8829C5008BC35B /* Embed Frameworks */ = {
			isa = PBXCopyFilesBuildPhase;
			buildActionMask = 2147483647;
			dstPath = "";
			dstSubfolderSpec = 10;
			files = (
			);
			name = "Embed Frameworks";
			runOnlyForDeploymentPostprocessing = 0;
		};
/* End PBXCopyFilesBuildPhase section */

/* Begin PBXFileReference section */
		17FD24A90343B85DF0DD721F /* Pods-GourmetApp.debug.xcconfig */ = {isa = PBXFileReference; includeInIndex = 1; lastKnownFileType = text.xcconfig; name = "Pods-GourmetApp.debug.xcconfig"; path = "Target Support Files/Pods-GourmetApp/Pods-GourmetApp.debug.xcconfig"; sourceTree = "<group>"; };
		57141C0D31D27451675241C7 /* Pods_GourmetAppTests.framework */ = {isa = PBXFileReference; explicitFileType = wrapper.framework; includeInIndex = 0; path = Pods_GourmetAppTests.framework; sourceTree = BUILT_PRODUCTS_DIR; };
		5C1FBFF4A68E383D35C4DFA8 /* Pods_GourmetApp.framework */ = {isa = PBXFileReference; explicitFileType = wrapper.framework; includeInIndex = 0; path = Pods_GourmetApp.framework; sourceTree = BUILT_PRODUCTS_DIR; };
		9A4307549CDDA6346CB6606C /* Pods_GourmetApp_GourmetAppUITests.framework */ = {isa = PBXFileReference; explicitFileType = wrapper.framework; includeInIndex = 0; path = Pods_GourmetApp_GourmetAppUITests.framework; sourceTree = BUILT_PRODUCTS_DIR; };
		A4FE4F32838A1440D4556C0F /* Pods-GourmetAppTests.debug.xcconfig */ = {isa = PBXFileReference; includeInIndex = 1; lastKnownFileType = text.xcconfig; name = "Pods-GourmetAppTests.debug.xcconfig"; path = "Target Support Files/Pods-GourmetAppTests/Pods-GourmetAppTests.debug.xcconfig"; sourceTree = "<group>"; };
		AAA720E97614AD5F01CD996C /* Pods-GourmetApp-GourmetAppUITests.release.xcconfig */ = {isa = PBXFileReference; includeInIndex = 1; lastKnownFileType = text.xcconfig; name = "Pods-GourmetApp-GourmetAppUITests.release.xcconfig"; path = "Target Support Files/Pods-GourmetApp-GourmetAppUITests/Pods-GourmetApp-GourmetAppUITests.release.xcconfig"; sourceTree = "<group>"; };
		AE3AC3004D4B0E752FADEE18 /* Pods-GourmetAppTests.release.xcconfig */ = {isa = PBXFileReference; includeInIndex = 1; lastKnownFileType = text.xcconfig; name = "Pods-GourmetAppTests.release.xcconfig"; path = "Target Support Files/Pods-GourmetAppTests/Pods-GourmetAppTests.release.xcconfig"; sourceTree = "<group>"; };
		C92152B02CB79A8600BE8551 /* FavoriteViewCell.swift */ = {isa = PBXFileReference; lastKnownFileType = sourcecode.swift; path = FavoriteViewCell.swift; sourceTree = "<group>"; };
		C92152B12CB79A8600BE8551 /* FavoriteViewCell.xib */ = {isa = PBXFileReference; lastKnownFileType = file.xib; path = FavoriteViewCell.xib; sourceTree = "<group>"; };
		C98872E02C8827A9008BC35B /* Alamofire.framework */ = {isa = PBXFileReference; explicitFileType = wrapper.framework; path = Alamofire.framework; sourceTree = BUILT_PRODUCTS_DIR; };
		C98872E32C8827CB008BC35B /* Alamofire.bundle */ = {isa = PBXFileReference; explicitFileType = wrapper.cfbundle; path = Alamofire.bundle; sourceTree = BUILT_PRODUCTS_DIR; };
		C98872E82C8829C5008BC35B /* Alamofire.framework */ = {isa = PBXFileReference; explicitFileType = wrapper.framework; path = Alamofire.framework; sourceTree = BUILT_PRODUCTS_DIR; };
		C98872EE2C882DBF008BC35B /* AlamofireImage.framework */ = {isa = PBXFileReference; explicitFileType = wrapper.framework; path = AlamofireImage.framework; sourceTree = BUILT_PRODUCTS_DIR; };
		C9939B6556B35DEA9DBCAEA9 /* Pods-GourmetApp-GourmetAppUITests.debug.xcconfig */ = {isa = PBXFileReference; includeInIndex = 1; lastKnownFileType = text.xcconfig; name = "Pods-GourmetApp-GourmetAppUITests.debug.xcconfig"; path = "Target Support Files/Pods-GourmetApp-GourmetAppUITests/Pods-GourmetApp-GourmetAppUITests.debug.xcconfig"; sourceTree = "<group>"; };
		C9A741F12CAA910800E90ECD /* UserDefaultsManager.swift */ = {isa = PBXFileReference; lastKnownFileType = sourcecode.swift; path = UserDefaultsManager.swift; sourceTree = "<group>"; };
		C9B076CA2CA174B800A253D2 /* PhotoEntity.swift */ = {isa = PBXFileReference; lastKnownFileType = sourcecode.swift; path = PhotoEntity.swift; sourceTree = "<group>"; };
		C9B076CC2CA2AD4E00A253D2 /* ShopImageCell.swift */ = {isa = PBXFileReference; lastKnownFileType = sourcecode.swift; path = ShopImageCell.swift; sourceTree = "<group>"; };
		C9B076CD2CA2AD4E00A253D2 /* ShopImageCell.xib */ = {isa = PBXFileReference; lastKnownFileType = file.xib; path = ShopImageCell.xib; sourceTree = "<group>"; };
		C9D3CD932C800CAA000D0615 /* GourmetApp.app */ = {isa = PBXFileReference; explicitFileType = wrapper.application; includeInIndex = 0; path = GourmetApp.app; sourceTree = BUILT_PRODUCTS_DIR; };
		C9D3CD962C800CAA000D0615 /* AppDelegate.swift */ = {isa = PBXFileReference; lastKnownFileType = sourcecode.swift; path = AppDelegate.swift; sourceTree = "<group>"; };
		C9D3CD9A2C800CAA000D0615 /* ViewController.swift */ = {isa = PBXFileReference; lastKnownFileType = sourcecode.swift; path = ViewController.swift; sourceTree = "<group>"; };
		C9D3CD9F2C800CAC000D0615 /* Assets.xcassets */ = {isa = PBXFileReference; lastKnownFileType = folder.assetcatalog; path = Assets.xcassets; sourceTree = "<group>"; };
		C9D3CDA22C800CAC000D0615 /* Base */ = {isa = PBXFileReference; lastKnownFileType = file.storyboard; name = Base; path = Base.lproj/LaunchScreen.storyboard; sourceTree = "<group>"; };
		C9D3CDA42C800CAC000D0615 /* Info.plist */ = {isa = PBXFileReference; lastKnownFileType = text.plist.xml; path = Info.plist; sourceTree = "<group>"; };
		C9D3CDA92C800CAC000D0615 /* GourmetAppTests.xctest */ = {isa = PBXFileReference; explicitFileType = wrapper.cfbundle; includeInIndex = 0; path = GourmetAppTests.xctest; sourceTree = BUILT_PRODUCTS_DIR; };
		C9D3CDAD2C800CAC000D0615 /* GourmetAppTests.swift */ = {isa = PBXFileReference; lastKnownFileType = sourcecode.swift; path = GourmetAppTests.swift; sourceTree = "<group>"; };
		C9D3CDB32C800CAD000D0615 /* GourmetAppUITests.xctest */ = {isa = PBXFileReference; explicitFileType = wrapper.cfbundle; includeInIndex = 0; path = GourmetAppUITests.xctest; sourceTree = BUILT_PRODUCTS_DIR; };
		C9D3CDB72C800CAD000D0615 /* GourmetAppUITests.swift */ = {isa = PBXFileReference; lastKnownFileType = sourcecode.swift; path = GourmetAppUITests.swift; sourceTree = "<group>"; };
		C9D3CDB92C800CAD000D0615 /* GourmetAppUITestsLaunchTests.swift */ = {isa = PBXFileReference; lastKnownFileType = sourcecode.swift; path = GourmetAppUITestsLaunchTests.swift; sourceTree = "<group>"; };
		C9D3CDDC2C800EB2000D0615 /* ListCell.swift */ = {isa = PBXFileReference; lastKnownFileType = sourcecode.swift; path = ListCell.swift; sourceTree = "<group>"; };
		C9D3CDDD2C800EB2000D0615 /* ListCell.xib */ = {isa = PBXFileReference; lastKnownFileType = file.xib; path = ListCell.xib; sourceTree = "<group>"; };
		C9D3CDE02C800FDE000D0615 /* SearchResultController.swift */ = {isa = PBXFileReference; lastKnownFileType = sourcecode.swift; path = SearchResultController.swift; sourceTree = "<group>"; };
		C9D3CDE12C800FDE000D0615 /* SearchResultController.xib */ = {isa = PBXFileReference; lastKnownFileType = file.xib; path = SearchResultController.xib; sourceTree = "<group>"; };
		C9D3CDE42C8041FF000D0615 /* TabBarController.swift */ = {isa = PBXFileReference; lastKnownFileType = sourcecode.swift; path = TabBarController.swift; sourceTree = "<group>"; };
		C9D3CDE62C804779000D0615 /* FavoriteCollectionViewController.swift */ = {isa = PBXFileReference; lastKnownFileType = sourcecode.swift; path = FavoriteCollectionViewController.swift; sourceTree = "<group>"; };
		C9D3CDE72C804779000D0615 /* FavoriteCollectionViewController.xib */ = {isa = PBXFileReference; lastKnownFileType = file.xib; path = FavoriteCollectionViewController.xib; sourceTree = "<group>"; };
		C9D6DB352C9C1F9A003D896A /* CouponController.xib */ = {isa = PBXFileReference; fileEncoding = 4; lastKnownFileType = file.xib; path = CouponController.xib; sourceTree = "<group>"; };
		C9D6DB362C9C1F9A003D896A /* URL+Add.swift */ = {isa = PBXFileReference; fileEncoding = 4; lastKnownFileType = sourcecode.swift; path = "URL+Add.swift"; sourceTree = "<group>"; };
		C9D6DB372C9C1F9A003D896A /* ShopDetailController.xib */ = {isa = PBXFileReference; fileEncoding = 4; lastKnownFileType = file.xib; path = ShopDetailController.xib; sourceTree = "<group>"; };
		C9D6DB392C9C1F9A003D896A /* ShopDetailCell.swift */ = {isa = PBXFileReference; fileEncoding = 4; lastKnownFileType = sourcecode.swift; path = ShopDetailCell.swift; sourceTree = "<group>"; };
		C9D6DB3B2C9C1F9A003D896A /* GenreEntity.swift */ = {isa = PBXFileReference; fileEncoding = 4; lastKnownFileType = sourcecode.swift; path = GenreEntity.swift; sourceTree = "<group>"; };
		C9D6DB3C2C9C1F9A003D896A /* GourmetSearchShopEntity.swift */ = {isa = PBXFileReference; fileEncoding = 4; lastKnownFileType = sourcecode.swift; path = GourmetSearchShopEntity.swift; sourceTree = "<group>"; };
		C9D6DB3D2C9C1F9B003D896A /* ShopDetailCell.xib */ = {isa = PBXFileReference; fileEncoding = 4; lastKnownFileType = file.xib; path = ShopDetailCell.xib; sourceTree = "<group>"; };
		C9D6DB3E2C9C1F9B003D896A /* CouponController.swift */ = {isa = PBXFileReference; fileEncoding = 4; lastKnownFileType = sourcecode.swift; path = CouponController.swift; sourceTree = "<group>"; };
		C9D6DB3F2C9C1F9B003D896A /* SceneDelegate.swift */ = {isa = PBXFileReference; fileEncoding = 4; lastKnownFileType = sourcecode.swift; path = SceneDelegate.swift; sourceTree = "<group>"; };
		C9D6DB402C9C1F9B003D896A /* Secret.swift */ = {isa = PBXFileReference; fileEncoding = 4; lastKnownFileType = sourcecode.swift; path = Secret.swift; sourceTree = "<group>"; };
		C9D6DB412C9C1F9B003D896A /* GourmetSearchFetcher.swift */ = {isa = PBXFileReference; fileEncoding = 4; lastKnownFileType = sourcecode.swift; path = GourmetSearchFetcher.swift; sourceTree = "<group>"; };
		C9D6DB422C9C1F9B003D896A /* ShopDetailController.swift */ = {isa = PBXFileReference; fileEncoding = 4; lastKnownFileType = sourcecode.swift; path = ShopDetailController.swift; sourceTree = "<group>"; };
		C9D6DB432C9C1F9B003D896A /* CouponUrlEntity.swift */ = {isa = PBXFileReference; fileEncoding = 4; lastKnownFileType = sourcecode.swift; path = CouponUrlEntity.swift; sourceTree = "<group>"; };
		F00DB2685A31CB9E1FDF5C2D /* Pods-GourmetApp.release.xcconfig */ = {isa = PBXFileReference; includeInIndex = 1; lastKnownFileType = text.xcconfig; name = "Pods-GourmetApp.release.xcconfig"; path = "Target Support Files/Pods-GourmetApp/Pods-GourmetApp.release.xcconfig"; sourceTree = "<group>"; };
/* End PBXFileReference section */

/* Begin PBXFrameworksBuildPhase section */
		C9D3CD902C800CAA000D0615 /* Frameworks */ = {
			isa = PBXFrameworksBuildPhase;
			buildActionMask = 2147483647;
			files = (
				0AFC15294C7DA788837220EA /* Pods_GourmetApp.framework in Frameworks */,
			);
			runOnlyForDeploymentPostprocessing = 0;
		};
		C9D3CDA62C800CAC000D0615 /* Frameworks */ = {
			isa = PBXFrameworksBuildPhase;
			buildActionMask = 2147483647;
			files = (
				CD4A7F96A9B29903CAF44592 /* Pods_GourmetAppTests.framework in Frameworks */,
			);
			runOnlyForDeploymentPostprocessing = 0;
		};
		C9D3CDB02C800CAD000D0615 /* Frameworks */ = {
			isa = PBXFrameworksBuildPhase;
			buildActionMask = 2147483647;
			files = (
				E9AC9E39A188B86E54F0A2FF /* Pods_GourmetApp_GourmetAppUITests.framework in Frameworks */,
			);
			runOnlyForDeploymentPostprocessing = 0;
		};
/* End PBXFrameworksBuildPhase section */

/* Begin PBXGroup section */
		1626FAB6BF22284C623448C1 /* Frameworks */ = {
			isa = PBXGroup;
			children = (
				C98872EE2C882DBF008BC35B /* AlamofireImage.framework */,
				C98872E82C8829C5008BC35B /* Alamofire.framework */,
				C98872E32C8827CB008BC35B /* Alamofire.bundle */,
				C98872E02C8827A9008BC35B /* Alamofire.framework */,
				5C1FBFF4A68E383D35C4DFA8 /* Pods_GourmetApp.framework */,
				9A4307549CDDA6346CB6606C /* Pods_GourmetApp_GourmetAppUITests.framework */,
				57141C0D31D27451675241C7 /* Pods_GourmetAppTests.framework */,
			);
			name = Frameworks;
			sourceTree = "<group>";
		};
		C9D3CD8A2C800CAA000D0615 = {
			isa = PBXGroup;
			children = (
				C9D3CD952C800CAA000D0615 /* GourmetApp */,
				C9D3CDAC2C800CAC000D0615 /* GourmetAppTests */,
				C9D3CDB62C800CAD000D0615 /* GourmetAppUITests */,
				C9D3CD942C800CAA000D0615 /* Products */,
				FE5A9F476836EBF2890634EF /* Pods */,
				1626FAB6BF22284C623448C1 /* Frameworks */,
			);
			sourceTree = "<group>";
		};
		C9D3CD942C800CAA000D0615 /* Products */ = {
			isa = PBXGroup;
			children = (
				C9D3CD932C800CAA000D0615 /* GourmetApp.app */,
				C9D3CDA92C800CAC000D0615 /* GourmetAppTests.xctest */,
				C9D3CDB32C800CAD000D0615 /* GourmetAppUITests.xctest */,
			);
			name = Products;
			sourceTree = "<group>";
		};
		C9D3CD952C800CAA000D0615 /* GourmetApp */ = {
			isa = PBXGroup;
			children = (
				C9D6DB3E2C9C1F9B003D896A /* CouponController.swift */,
				C9D6DB352C9C1F9A003D896A /* CouponController.xib */,
				C9D6DB432C9C1F9B003D896A /* CouponUrlEntity.swift */,
				C9D6DB3B2C9C1F9A003D896A /* GenreEntity.swift */,
				C9D6DB412C9C1F9B003D896A /* GourmetSearchFetcher.swift */,
				C9D6DB3C2C9C1F9A003D896A /* GourmetSearchShopEntity.swift */,
				C9B076CA2CA174B800A253D2 /* PhotoEntity.swift */,
				C9D6DB3F2C9C1F9B003D896A /* SceneDelegate.swift */,
				C9D6DB402C9C1F9B003D896A /* Secret.swift */,
				C9D6DB392C9C1F9A003D896A /* ShopDetailCell.swift */,
				C9D6DB3D2C9C1F9B003D896A /* ShopDetailCell.xib */,
				C9D6DB422C9C1F9B003D896A /* ShopDetailController.swift */,
				C9A741F12CAA910800E90ECD /* UserDefaultsManager.swift */,
				C9D6DB372C9C1F9A003D896A /* ShopDetailController.xib */,
				C9D6DB362C9C1F9A003D896A /* URL+Add.swift */,
				C9D3CD962C800CAA000D0615 /* AppDelegate.swift */,
				C9D3CDE02C800FDE000D0615 /* SearchResultController.swift */,
				C9D3CDE12C800FDE000D0615 /* SearchResultController.xib */,
				C9D3CDDD2C800EB2000D0615 /* ListCell.xib */,
				C9D3CDDC2C800EB2000D0615 /* ListCell.swift */,
				C9B076CC2CA2AD4E00A253D2 /* ShopImageCell.swift */,
				C9B076CD2CA2AD4E00A253D2 /* ShopImageCell.xib */,
				C9D3CD9A2C800CAA000D0615 /* ViewController.swift */,
				C9D3CD9F2C800CAC000D0615 /* Assets.xcassets */,
				C9D3CDA12C800CAC000D0615 /* LaunchScreen.storyboard */,
				C9D3CDA42C800CAC000D0615 /* Info.plist */,
				C9D3CDE42C8041FF000D0615 /* TabBarController.swift */,
				C9D3CDE62C804779000D0615 /* FavoriteCollectionViewController.swift */,
				C9D3CDE72C804779000D0615 /* FavoriteCollectionViewController.xib */,
				C92152B02CB79A8600BE8551 /* FavoriteViewCell.swift */,
				C92152B12CB79A8600BE8551 /* FavoriteViewCell.xib */,
			);
			path = GourmetApp;
			sourceTree = "<group>";
		};
		C9D3CDAC2C800CAC000D0615 /* GourmetAppTests */ = {
			isa = PBXGroup;
			children = (
				C9D3CDAD2C800CAC000D0615 /* GourmetAppTests.swift */,
			);
			path = GourmetAppTests;
			sourceTree = "<group>";
		};
		C9D3CDB62C800CAD000D0615 /* GourmetAppUITests */ = {
			isa = PBXGroup;
			children = (
				C9D3CDB72C800CAD000D0615 /* GourmetAppUITests.swift */,
				C9D3CDB92C800CAD000D0615 /* GourmetAppUITestsLaunchTests.swift */,
			);
			path = GourmetAppUITests;
			sourceTree = "<group>";
		};
		FE5A9F476836EBF2890634EF /* Pods */ = {
			isa = PBXGroup;
			children = (
				17FD24A90343B85DF0DD721F /* Pods-GourmetApp.debug.xcconfig */,
				F00DB2685A31CB9E1FDF5C2D /* Pods-GourmetApp.release.xcconfig */,
				C9939B6556B35DEA9DBCAEA9 /* Pods-GourmetApp-GourmetAppUITests.debug.xcconfig */,
				AAA720E97614AD5F01CD996C /* Pods-GourmetApp-GourmetAppUITests.release.xcconfig */,
				A4FE4F32838A1440D4556C0F /* Pods-GourmetAppTests.debug.xcconfig */,
				AE3AC3004D4B0E752FADEE18 /* Pods-GourmetAppTests.release.xcconfig */,
			);
			path = Pods;
			sourceTree = "<group>";
		};
/* End PBXGroup section */

/* Begin PBXNativeTarget section */
		C9D3CD922C800CAA000D0615 /* GourmetApp */ = {
			isa = PBXNativeTarget;
			buildConfigurationList = C9D3CDBD2C800CAD000D0615 /* Build configuration list for PBXNativeTarget "GourmetApp" */;
			buildPhases = (
				83DD36AA6BBA00E22593E64F /* [CP] Check Pods Manifest.lock */,
				C9D3CD8F2C800CAA000D0615 /* Sources */,
				C9D3CD902C800CAA000D0615 /* Frameworks */,
				C9D3CD912C800CAA000D0615 /* Resources */,
				C98872EB2C8829C5008BC35B /* Embed Frameworks */,
				D4719876B9E6F1DBCFDF7C10 /* [CP] Embed Pods Frameworks */,
			);
			buildRules = (
			);
			dependencies = (
			);
			name = GourmetApp;
			productName = GourmetApp;
			productReference = C9D3CD932C800CAA000D0615 /* GourmetApp.app */;
			productType = "com.apple.product-type.application";
		};
		C9D3CDA82C800CAC000D0615 /* GourmetAppTests */ = {
			isa = PBXNativeTarget;
			buildConfigurationList = C9D3CDC02C800CAD000D0615 /* Build configuration list for PBXNativeTarget "GourmetAppTests" */;
			buildPhases = (
				F83AFA5511E176F9C85C395E /* [CP] Check Pods Manifest.lock */,
				C9D3CDA52C800CAC000D0615 /* Sources */,
				C9D3CDA62C800CAC000D0615 /* Frameworks */,
				C9D3CDA72C800CAC000D0615 /* Resources */,
			);
			buildRules = (
			);
			dependencies = (
				C9D3CDAB2C800CAC000D0615 /* PBXTargetDependency */,
			);
			name = GourmetAppTests;
			productName = GourmetAppTests;
			productReference = C9D3CDA92C800CAC000D0615 /* GourmetAppTests.xctest */;
			productType = "com.apple.product-type.bundle.unit-test";
		};
		C9D3CDB22C800CAD000D0615 /* GourmetAppUITests */ = {
			isa = PBXNativeTarget;
			buildConfigurationList = C9D3CDC32C800CAD000D0615 /* Build configuration list for PBXNativeTarget "GourmetAppUITests" */;
			buildPhases = (
				BF11064D5A703FE27E757B40 /* [CP] Check Pods Manifest.lock */,
				C9D3CDAF2C800CAD000D0615 /* Sources */,
				C9D3CDB02C800CAD000D0615 /* Frameworks */,
				C9D3CDB12C800CAD000D0615 /* Resources */,
				5C1579DBDC2AE0632D043CD9 /* [CP] Embed Pods Frameworks */,
			);
			buildRules = (
			);
			dependencies = (
				C9D3CDB52C800CAD000D0615 /* PBXTargetDependency */,
			);
			name = GourmetAppUITests;
			productName = GourmetAppUITests;
			productReference = C9D3CDB32C800CAD000D0615 /* GourmetAppUITests.xctest */;
			productType = "com.apple.product-type.bundle.ui-testing";
		};
/* End PBXNativeTarget section */

/* Begin PBXProject section */
		C9D3CD8B2C800CAA000D0615 /* Project object */ = {
			isa = PBXProject;
			attributes = {
				BuildIndependentTargetsInParallel = 1;
				LastSwiftUpdateCheck = 1540;
				LastUpgradeCheck = 1540;
				TargetAttributes = {
					C9D3CD922C800CAA000D0615 = {
						CreatedOnToolsVersion = 15.4;
					};
					C9D3CDA82C800CAC000D0615 = {
						CreatedOnToolsVersion = 15.4;
						TestTargetID = C9D3CD922C800CAA000D0615;
					};
					C9D3CDB22C800CAD000D0615 = {
						CreatedOnToolsVersion = 15.4;
						TestTargetID = C9D3CD922C800CAA000D0615;
					};
				};
			};
			buildConfigurationList = C9D3CD8E2C800CAA000D0615 /* Build configuration list for PBXProject "GourmetApp" */;
			compatibilityVersion = "Xcode 14.0";
			developmentRegion = en;
			hasScannedForEncodings = 0;
			knownRegions = (
				en,
				Base,
			);
			mainGroup = C9D3CD8A2C800CAA000D0615;
			productRefGroup = C9D3CD942C800CAA000D0615 /* Products */;
			projectDirPath = "";
			projectRoot = "";
			targets = (
				C9D3CD922C800CAA000D0615 /* GourmetApp */,
				C9D3CDA82C800CAC000D0615 /* GourmetAppTests */,
				C9D3CDB22C800CAD000D0615 /* GourmetAppUITests */,
			);
		};
/* End PBXProject section */

/* Begin PBXResourcesBuildPhase section */
		C9D3CD912C800CAA000D0615 /* Resources */ = {
			isa = PBXResourcesBuildPhase;
			buildActionMask = 2147483647;
			files = (
				C9D3CDA02C800CAC000D0615 /* Assets.xcassets in Resources */,
				C9D3CDE92C804779000D0615 /* FavoriteCollectionViewController.xib in Resources */,
				C9D6DB4C2C9C1F9B003D896A /* ShopDetailCell.xib in Resources */,
				C9D6DB462C9C1F9B003D896A /* ShopDetailController.xib in Resources */,
				C9D3CDA32C800CAC000D0615 /* Base in Resources */,
				C9B076CE2CA2AD4E00A253D2 /* ShopImageCell.xib in Resources */,
				C9D6DB442C9C1F9B003D896A /* CouponController.xib in Resources */,
				C9D3CDE32C800FDE000D0615 /* SearchResultController.xib in Resources */,
				C92152B22CB79A8600BE8551 /* FavoriteViewCell.xib in Resources */,
				C9D3CDDF2C800EB2000D0615 /* ListCell.xib in Resources */,
			);
			runOnlyForDeploymentPostprocessing = 0;
		};
		C9D3CDA72C800CAC000D0615 /* Resources */ = {
			isa = PBXResourcesBuildPhase;
			buildActionMask = 2147483647;
			files = (
			);
			runOnlyForDeploymentPostprocessing = 0;
		};
		C9D3CDB12C800CAD000D0615 /* Resources */ = {
			isa = PBXResourcesBuildPhase;
			buildActionMask = 2147483647;
			files = (
			);
			runOnlyForDeploymentPostprocessing = 0;
		};
/* End PBXResourcesBuildPhase section */

/* Begin PBXShellScriptBuildPhase section */
		5C1579DBDC2AE0632D043CD9 /* [CP] Embed Pods Frameworks */ = {
			isa = PBXShellScriptBuildPhase;
			buildActionMask = 2147483647;
			files = (
			);
			inputFileListPaths = (
				"${PODS_ROOT}/Target Support Files/Pods-GourmetApp-GourmetAppUITests/Pods-GourmetApp-GourmetAppUITests-frameworks-${CONFIGURATION}-input-files.xcfilelist",
			);
			name = "[CP] Embed Pods Frameworks";
			outputFileListPaths = (
				"${PODS_ROOT}/Target Support Files/Pods-GourmetApp-GourmetAppUITests/Pods-GourmetApp-GourmetAppUITests-frameworks-${CONFIGURATION}-output-files.xcfilelist",
			);
			runOnlyForDeploymentPostprocessing = 0;
			shellPath = /bin/sh;
			shellScript = "\"${PODS_ROOT}/Target Support Files/Pods-GourmetApp-GourmetAppUITests/Pods-GourmetApp-GourmetAppUITests-frameworks.sh\"\n";
			showEnvVarsInLog = 0;
		};
		83DD36AA6BBA00E22593E64F /* [CP] Check Pods Manifest.lock */ = {
			isa = PBXShellScriptBuildPhase;
			buildActionMask = 2147483647;
			files = (
			);
			inputFileListPaths = (
			);
			inputPaths = (
				"${PODS_PODFILE_DIR_PATH}/Podfile.lock",
				"${PODS_ROOT}/Manifest.lock",
			);
			name = "[CP] Check Pods Manifest.lock";
			outputFileListPaths = (
			);
			outputPaths = (
				"$(DERIVED_FILE_DIR)/Pods-GourmetApp-checkManifestLockResult.txt",
			);
			runOnlyForDeploymentPostprocessing = 0;
			shellPath = /bin/sh;
			shellScript = "diff \"${PODS_PODFILE_DIR_PATH}/Podfile.lock\" \"${PODS_ROOT}/Manifest.lock\" > /dev/null\nif [ $? != 0 ] ; then\n    # print error to STDERR\n    echo \"error: The sandbox is not in sync with the Podfile.lock. Run 'pod install' or update your CocoaPods installation.\" >&2\n    exit 1\nfi\n# This output is used by Xcode 'outputs' to avoid re-running this script phase.\necho \"SUCCESS\" > \"${SCRIPT_OUTPUT_FILE_0}\"\n";
			showEnvVarsInLog = 0;
		};
		BF11064D5A703FE27E757B40 /* [CP] Check Pods Manifest.lock */ = {
			isa = PBXShellScriptBuildPhase;
			buildActionMask = 2147483647;
			files = (
			);
			inputFileListPaths = (
			);
			inputPaths = (
				"${PODS_PODFILE_DIR_PATH}/Podfile.lock",
				"${PODS_ROOT}/Manifest.lock",
			);
			name = "[CP] Check Pods Manifest.lock";
			outputFileListPaths = (
			);
			outputPaths = (
				"$(DERIVED_FILE_DIR)/Pods-GourmetApp-GourmetAppUITests-checkManifestLockResult.txt",
			);
			runOnlyForDeploymentPostprocessing = 0;
			shellPath = /bin/sh;
			shellScript = "diff \"${PODS_PODFILE_DIR_PATH}/Podfile.lock\" \"${PODS_ROOT}/Manifest.lock\" > /dev/null\nif [ $? != 0 ] ; then\n    # print error to STDERR\n    echo \"error: The sandbox is not in sync with the Podfile.lock. Run 'pod install' or update your CocoaPods installation.\" >&2\n    exit 1\nfi\n# This output is used by Xcode 'outputs' to avoid re-running this script phase.\necho \"SUCCESS\" > \"${SCRIPT_OUTPUT_FILE_0}\"\n";
			showEnvVarsInLog = 0;
		};
		D4719876B9E6F1DBCFDF7C10 /* [CP] Embed Pods Frameworks */ = {
			isa = PBXShellScriptBuildPhase;
			buildActionMask = 2147483647;
			files = (
			);
			inputFileListPaths = (
				"${PODS_ROOT}/Target Support Files/Pods-GourmetApp/Pods-GourmetApp-frameworks-${CONFIGURATION}-input-files.xcfilelist",
			);
			name = "[CP] Embed Pods Frameworks";
			outputFileListPaths = (
				"${PODS_ROOT}/Target Support Files/Pods-GourmetApp/Pods-GourmetApp-frameworks-${CONFIGURATION}-output-files.xcfilelist",
			);
			runOnlyForDeploymentPostprocessing = 0;
			shellPath = /bin/sh;
			shellScript = "\"${PODS_ROOT}/Target Support Files/Pods-GourmetApp/Pods-GourmetApp-frameworks.sh\"\n";
			showEnvVarsInLog = 0;
		};
		F83AFA5511E176F9C85C395E /* [CP] Check Pods Manifest.lock */ = {
			isa = PBXShellScriptBuildPhase;
			buildActionMask = 2147483647;
			files = (
			);
			inputFileListPaths = (
			);
			inputPaths = (
				"${PODS_PODFILE_DIR_PATH}/Podfile.lock",
				"${PODS_ROOT}/Manifest.lock",
			);
			name = "[CP] Check Pods Manifest.lock";
			outputFileListPaths = (
			);
			outputPaths = (
				"$(DERIVED_FILE_DIR)/Pods-GourmetAppTests-checkManifestLockResult.txt",
			);
			runOnlyForDeploymentPostprocessing = 0;
			shellPath = /bin/sh;
			shellScript = "diff \"${PODS_PODFILE_DIR_PATH}/Podfile.lock\" \"${PODS_ROOT}/Manifest.lock\" > /dev/null\nif [ $? != 0 ] ; then\n    # print error to STDERR\n    echo \"error: The sandbox is not in sync with the Podfile.lock. Run 'pod install' or update your CocoaPods installation.\" >&2\n    exit 1\nfi\n# This output is used by Xcode 'outputs' to avoid re-running this script phase.\necho \"SUCCESS\" > \"${SCRIPT_OUTPUT_FILE_0}\"\n";
			showEnvVarsInLog = 0;
		};
/* End PBXShellScriptBuildPhase section */

/* Begin PBXSourcesBuildPhase section */
		C9D3CD8F2C800CAA000D0615 /* Sources */ = {
			isa = PBXSourcesBuildPhase;
			buildActionMask = 2147483647;
			files = (
				C9D3CD9B2C800CAA000D0615 /* ViewController.swift in Sources */,
				C9D6DB4F2C9C1F9B003D896A /* Secret.swift in Sources */,
				C9D6DB502C9C1F9B003D896A /* GourmetSearchFetcher.swift in Sources */,
				C9D6DB4D2C9C1F9B003D896A /* CouponController.swift in Sources */,
				C9D3CD972C800CAA000D0615 /* AppDelegate.swift in Sources */,
				C9A741F22CAA910800E90ECD /* UserDefaultsManager.swift in Sources */,
				C9D6DB4A2C9C1F9B003D896A /* GenreEntity.swift in Sources */,
				C9D6DB512C9C1F9B003D896A /* ShopDetailController.swift in Sources */,
				C9D3CDDE2C800EB2000D0615 /* ListCell.swift in Sources */,
				C9D3CDE52C8041FF000D0615 /* TabBarController.swift in Sources */,
				C9D6DB482C9C1F9B003D896A /* ShopDetailCell.swift in Sources */,
				C9D6DB4B2C9C1F9B003D896A /* GourmetSearchShopEntity.swift in Sources */,
				C9D6DB4E2C9C1F9B003D896A /* SceneDelegate.swift in Sources */,
				C9B076CF2CA2AD4E00A253D2 /* ShopImageCell.swift in Sources */,
				C9D6DB522C9C1F9B003D896A /* CouponUrlEntity.swift in Sources */,
				C9D6DB452C9C1F9B003D896A /* URL+Add.swift in Sources */,
				C92152B32CB79A8600BE8551 /* FavoriteViewCell.swift in Sources */,
				C9D3CDE82C804779000D0615 /* FavoriteCollectionViewController.swift in Sources */,
				C9D3CDE22C800FDE000D0615 /* SearchResultController.swift in Sources */,
				C9B076CB2CA174B800A253D2 /* PhotoEntity.swift in Sources */,
			);
			runOnlyForDeploymentPostprocessing = 0;
		};
		C9D3CDA52C800CAC000D0615 /* Sources */ = {
			isa = PBXSourcesBuildPhase;
			buildActionMask = 2147483647;
			files = (
				C9D3CDAE2C800CAC000D0615 /* GourmetAppTests.swift in Sources */,
			);
			runOnlyForDeploymentPostprocessing = 0;
		};
		C9D3CDAF2C800CAD000D0615 /* Sources */ = {
			isa = PBXSourcesBuildPhase;
			buildActionMask = 2147483647;
			files = (
				C9D3CDBA2C800CAD000D0615 /* GourmetAppUITestsLaunchTests.swift in Sources */,
				C9D3CDB82C800CAD000D0615 /* GourmetAppUITests.swift in Sources */,
			);
			runOnlyForDeploymentPostprocessing = 0;
		};
/* End PBXSourcesBuildPhase section */

/* Begin PBXTargetDependency section */
		C9D3CDAB2C800CAC000D0615 /* PBXTargetDependency */ = {
			isa = PBXTargetDependency;
			target = C9D3CD922C800CAA000D0615 /* GourmetApp */;
			targetProxy = C9D3CDAA2C800CAC000D0615 /* PBXContainerItemProxy */;
		};
		C9D3CDB52C800CAD000D0615 /* PBXTargetDependency */ = {
			isa = PBXTargetDependency;
			target = C9D3CD922C800CAA000D0615 /* GourmetApp */;
			targetProxy = C9D3CDB42C800CAD000D0615 /* PBXContainerItemProxy */;
		};
/* End PBXTargetDependency section */

/* Begin PBXVariantGroup section */
		C9D3CDA12C800CAC000D0615 /* LaunchScreen.storyboard */ = {
			isa = PBXVariantGroup;
			children = (
				C9D3CDA22C800CAC000D0615 /* Base */,
			);
			name = LaunchScreen.storyboard;
			sourceTree = "<group>";
		};
/* End PBXVariantGroup section */

/* Begin XCBuildConfiguration section */
		C9D3CDBB2C800CAD000D0615 /* Debug */ = {
			isa = XCBuildConfiguration;
			buildSettings = {
				ALWAYS_SEARCH_USER_PATHS = NO;
				ASSETCATALOG_COMPILER_GENERATE_SWIFT_ASSET_SYMBOL_EXTENSIONS = YES;
				CLANG_ANALYZER_NONNULL = YES;
				CLANG_ANALYZER_NUMBER_OBJECT_CONVERSION = YES_AGGRESSIVE;
				CLANG_CXX_LANGUAGE_STANDARD = "gnu++20";
				CLANG_ENABLE_MODULES = YES;
				CLANG_ENABLE_OBJC_ARC = YES;
				CLANG_ENABLE_OBJC_WEAK = YES;
				CLANG_WARN_BLOCK_CAPTURE_AUTORELEASING = YES;
				CLANG_WARN_BOOL_CONVERSION = YES;
				CLANG_WARN_COMMA = YES;
				CLANG_WARN_CONSTANT_CONVERSION = YES;
				CLANG_WARN_DEPRECATED_OBJC_IMPLEMENTATIONS = YES;
				CLANG_WARN_DIRECT_OBJC_ISA_USAGE = YES_ERROR;
				CLANG_WARN_DOCUMENTATION_COMMENTS = YES;
				CLANG_WARN_EMPTY_BODY = YES;
				CLANG_WARN_ENUM_CONVERSION = YES;
				CLANG_WARN_INFINITE_RECURSION = YES;
				CLANG_WARN_INT_CONVERSION = YES;
				CLANG_WARN_NON_LITERAL_NULL_CONVERSION = YES;
				CLANG_WARN_OBJC_IMPLICIT_RETAIN_SELF = YES;
				CLANG_WARN_OBJC_LITERAL_CONVERSION = YES;
				CLANG_WARN_OBJC_ROOT_CLASS = YES_ERROR;
				CLANG_WARN_QUOTED_INCLUDE_IN_FRAMEWORK_HEADER = YES;
				CLANG_WARN_RANGE_LOOP_ANALYSIS = YES;
				CLANG_WARN_STRICT_PROTOTYPES = YES;
				CLANG_WARN_SUSPICIOUS_MOVE = YES;
				CLANG_WARN_UNGUARDED_AVAILABILITY = YES_AGGRESSIVE;
				CLANG_WARN_UNREACHABLE_CODE = YES;
				CLANG_WARN__DUPLICATE_METHOD_MATCH = YES;
				COPY_PHASE_STRIP = NO;
				DEBUG_INFORMATION_FORMAT = dwarf;
				ENABLE_STRICT_OBJC_MSGSEND = YES;
				ENABLE_TESTABILITY = YES;
				ENABLE_USER_SCRIPT_SANDBOXING = YES;
				GCC_C_LANGUAGE_STANDARD = gnu17;
				GCC_DYNAMIC_NO_PIC = NO;
				GCC_NO_COMMON_BLOCKS = YES;
				GCC_OPTIMIZATION_LEVEL = 0;
				GCC_PREPROCESSOR_DEFINITIONS = (
					"DEBUG=1",
					"$(inherited)",
				);
				GCC_WARN_64_TO_32_BIT_CONVERSION = YES;
				GCC_WARN_ABOUT_RETURN_TYPE = YES_ERROR;
				GCC_WARN_UNDECLARED_SELECTOR = YES;
				GCC_WARN_UNINITIALIZED_AUTOS = YES_AGGRESSIVE;
				GCC_WARN_UNUSED_FUNCTION = YES;
				GCC_WARN_UNUSED_VARIABLE = YES;
				IPHONEOS_DEPLOYMENT_TARGET = 17.5;
				LOCALIZATION_PREFERS_STRING_CATALOGS = YES;
				MTL_ENABLE_DEBUG_INFO = INCLUDE_SOURCE;
				MTL_FAST_MATH = YES;
				ONLY_ACTIVE_ARCH = YES;
				SDKROOT = iphoneos;
				SWIFT_ACTIVE_COMPILATION_CONDITIONS = "DEBUG $(inherited)";
				SWIFT_OPTIMIZATION_LEVEL = "-Onone";
			};
			name = Debug;
		};
		C9D3CDBC2C800CAD000D0615 /* Release */ = {
			isa = XCBuildConfiguration;
			buildSettings = {
				ALWAYS_SEARCH_USER_PATHS = NO;
				ASSETCATALOG_COMPILER_GENERATE_SWIFT_ASSET_SYMBOL_EXTENSIONS = YES;
				CLANG_ANALYZER_NONNULL = YES;
				CLANG_ANALYZER_NUMBER_OBJECT_CONVERSION = YES_AGGRESSIVE;
				CLANG_CXX_LANGUAGE_STANDARD = "gnu++20";
				CLANG_ENABLE_MODULES = YES;
				CLANG_ENABLE_OBJC_ARC = YES;
				CLANG_ENABLE_OBJC_WEAK = YES;
				CLANG_WARN_BLOCK_CAPTURE_AUTORELEASING = YES;
				CLANG_WARN_BOOL_CONVERSION = YES;
				CLANG_WARN_COMMA = YES;
				CLANG_WARN_CONSTANT_CONVERSION = YES;
				CLANG_WARN_DEPRECATED_OBJC_IMPLEMENTATIONS = YES;
				CLANG_WARN_DIRECT_OBJC_ISA_USAGE = YES_ERROR;
				CLANG_WARN_DOCUMENTATION_COMMENTS = YES;
				CLANG_WARN_EMPTY_BODY = YES;
				CLANG_WARN_ENUM_CONVERSION = YES;
				CLANG_WARN_INFINITE_RECURSION = YES;
				CLANG_WARN_INT_CONVERSION = YES;
				CLANG_WARN_NON_LITERAL_NULL_CONVERSION = YES;
				CLANG_WARN_OBJC_IMPLICIT_RETAIN_SELF = YES;
				CLANG_WARN_OBJC_LITERAL_CONVERSION = YES;
				CLANG_WARN_OBJC_ROOT_CLASS = YES_ERROR;
				CLANG_WARN_QUOTED_INCLUDE_IN_FRAMEWORK_HEADER = YES;
				CLANG_WARN_RANGE_LOOP_ANALYSIS = YES;
				CLANG_WARN_STRICT_PROTOTYPES = YES;
				CLANG_WARN_SUSPICIOUS_MOVE = YES;
				CLANG_WARN_UNGUARDED_AVAILABILITY = YES_AGGRESSIVE;
				CLANG_WARN_UNREACHABLE_CODE = YES;
				CLANG_WARN__DUPLICATE_METHOD_MATCH = YES;
				COPY_PHASE_STRIP = NO;
				DEBUG_INFORMATION_FORMAT = "dwarf-with-dsym";
				ENABLE_NS_ASSERTIONS = NO;
				ENABLE_STRICT_OBJC_MSGSEND = YES;
				ENABLE_USER_SCRIPT_SANDBOXING = YES;
				GCC_C_LANGUAGE_STANDARD = gnu17;
				GCC_NO_COMMON_BLOCKS = YES;
				GCC_WARN_64_TO_32_BIT_CONVERSION = YES;
				GCC_WARN_ABOUT_RETURN_TYPE = YES_ERROR;
				GCC_WARN_UNDECLARED_SELECTOR = YES;
				GCC_WARN_UNINITIALIZED_AUTOS = YES_AGGRESSIVE;
				GCC_WARN_UNUSED_FUNCTION = YES;
				GCC_WARN_UNUSED_VARIABLE = YES;
				IPHONEOS_DEPLOYMENT_TARGET = 17.5;
				LOCALIZATION_PREFERS_STRING_CATALOGS = YES;
				MTL_ENABLE_DEBUG_INFO = NO;
				MTL_FAST_MATH = YES;
				SDKROOT = iphoneos;
				SWIFT_COMPILATION_MODE = wholemodule;
				VALIDATE_PRODUCT = YES;
			};
			name = Release;
		};
		C9D3CDBE2C800CAD000D0615 /* Debug */ = {
			isa = XCBuildConfiguration;
			baseConfigurationReference = 17FD24A90343B85DF0DD721F /* Pods-GourmetApp.debug.xcconfig */;
			buildSettings = {
				ASSETCATALOG_COMPILER_APPICON_NAME = AppIcon;
				ASSETCATALOG_COMPILER_GLOBAL_ACCENT_COLOR_NAME = AccentColor;
				CODE_SIGN_STYLE = Automatic;
				CURRENT_PROJECT_VERSION = 1;
				DEVELOPMENT_TEAM = PUQ67225QL;
				ENABLE_USER_SCRIPT_SANDBOXING = NO;
				GENERATE_INFOPLIST_FILE = YES;
				INFOPLIST_FILE = GourmetApp/Info.plist;
				INFOPLIST_KEY_UIApplicationSupportsIndirectInputEvents = YES;
				INFOPLIST_KEY_UILaunchStoryboardName = LaunchScreen;
				INFOPLIST_KEY_UISupportedInterfaceOrientations_iPad = "UIInterfaceOrientationPortrait UIInterfaceOrientationPortraitUpsideDown UIInterfaceOrientationLandscapeLeft UIInterfaceOrientationLandscapeRight";
				INFOPLIST_KEY_UISupportedInterfaceOrientations_iPhone = "UIInterfaceOrientationPortrait UIInterfaceOrientationLandscapeLeft UIInterfaceOrientationLandscapeRight";
				LD_RUNPATH_SEARCH_PATHS = (
					"$(inherited)",
					"@executable_path/Frameworks",
				);
				MARKETING_VERSION = 1.0;
				PRODUCT_BUNDLE_IDENTIFIER = umino.GourmetApp;
				PRODUCT_NAME = "$(TARGET_NAME)";
				SWIFT_EMIT_LOC_STRINGS = YES;
				SWIFT_VERSION = 5.0;
				TARGETED_DEVICE_FAMILY = "1,2";
			};
			name = Debug;
		};
		C9D3CDBF2C800CAD000D0615 /* Release */ = {
			isa = XCBuildConfiguration;
			baseConfigurationReference = F00DB2685A31CB9E1FDF5C2D /* Pods-GourmetApp.release.xcconfig */;
			buildSettings = {
				ASSETCATALOG_COMPILER_APPICON_NAME = AppIcon;
				ASSETCATALOG_COMPILER_GLOBAL_ACCENT_COLOR_NAME = AccentColor;
				CODE_SIGN_STYLE = Automatic;
				CURRENT_PROJECT_VERSION = 1;
				DEVELOPMENT_TEAM = PUQ67225QL;
				ENABLE_USER_SCRIPT_SANDBOXING = NO;
				GENERATE_INFOPLIST_FILE = YES;
				INFOPLIST_FILE = GourmetApp/Info.plist;
				INFOPLIST_KEY_UIApplicationSupportsIndirectInputEvents = YES;
				INFOPLIST_KEY_UILaunchStoryboardName = LaunchScreen;
				INFOPLIST_KEY_UISupportedInterfaceOrientations_iPad = "UIInterfaceOrientationPortrait UIInterfaceOrientationPortraitUpsideDown UIInterfaceOrientationLandscapeLeft UIInterfaceOrientationLandscapeRight";
				INFOPLIST_KEY_UISupportedInterfaceOrientations_iPhone = "UIInterfaceOrientationPortrait UIInterfaceOrientationLandscapeLeft UIInterfaceOrientationLandscapeRight";
				LD_RUNPATH_SEARCH_PATHS = (
					"$(inherited)",
					"@executable_path/Frameworks",
				);
				MARKETING_VERSION = 1.0;
				PRODUCT_BUNDLE_IDENTIFIER = umino.GourmetApp;
				PRODUCT_NAME = "$(TARGET_NAME)";
				SWIFT_EMIT_LOC_STRINGS = YES;
				SWIFT_VERSION = 5.0;
				TARGETED_DEVICE_FAMILY = "1,2";
			};
			name = Release;
		};
		C9D3CDC12C800CAD000D0615 /* Debug */ = {
			isa = XCBuildConfiguration;
			baseConfigurationReference = A4FE4F32838A1440D4556C0F /* Pods-GourmetAppTests.debug.xcconfig */;
			buildSettings = {
				ALWAYS_EMBED_SWIFT_STANDARD_LIBRARIES = YES;
				BUNDLE_LOADER = "$(TEST_HOST)";
				CODE_SIGN_STYLE = Automatic;
				CURRENT_PROJECT_VERSION = 1;
				DEVELOPMENT_TEAM = PUQ67225QL;
				GENERATE_INFOPLIST_FILE = YES;
				IPHONEOS_DEPLOYMENT_TARGET = 17.5;
				MARKETING_VERSION = 1.0;
				PRODUCT_BUNDLE_IDENTIFIER = umino.GourmetAppTests;
				PRODUCT_NAME = "$(TARGET_NAME)";
				SWIFT_EMIT_LOC_STRINGS = NO;
				SWIFT_VERSION = 5.0;
				TARGETED_DEVICE_FAMILY = "1,2";
				TEST_HOST = "$(BUILT_PRODUCTS_DIR)/GourmetApp.app/$(BUNDLE_EXECUTABLE_FOLDER_PATH)/GourmetApp";
			};
			name = Debug;
		};
		C9D3CDC22C800CAD000D0615 /* Release */ = {
			isa = XCBuildConfiguration;
			baseConfigurationReference = AE3AC3004D4B0E752FADEE18 /* Pods-GourmetAppTests.release.xcconfig */;
			buildSettings = {
				ALWAYS_EMBED_SWIFT_STANDARD_LIBRARIES = YES;
				BUNDLE_LOADER = "$(TEST_HOST)";
				CODE_SIGN_STYLE = Automatic;
				CURRENT_PROJECT_VERSION = 1;
				DEVELOPMENT_TEAM = PUQ67225QL;
				GENERATE_INFOPLIST_FILE = YES;
				IPHONEOS_DEPLOYMENT_TARGET = 17.5;
				MARKETING_VERSION = 1.0;
				PRODUCT_BUNDLE_IDENTIFIER = umino.GourmetAppTests;
				PRODUCT_NAME = "$(TARGET_NAME)";
				SWIFT_EMIT_LOC_STRINGS = NO;
				SWIFT_VERSION = 5.0;
				TARGETED_DEVICE_FAMILY = "1,2";
				TEST_HOST = "$(BUILT_PRODUCTS_DIR)/GourmetApp.app/$(BUNDLE_EXECUTABLE_FOLDER_PATH)/GourmetApp";
			};
			name = Release;
		};
		C9D3CDC42C800CAD000D0615 /* Debug */ = {
			isa = XCBuildConfiguration;
			baseConfigurationReference = C9939B6556B35DEA9DBCAEA9 /* Pods-GourmetApp-GourmetAppUITests.debug.xcconfig */;
			buildSettings = {
				ALWAYS_EMBED_SWIFT_STANDARD_LIBRARIES = YES;
				CODE_SIGN_STYLE = Automatic;
				CURRENT_PROJECT_VERSION = 1;
				DEVELOPMENT_TEAM = PUQ67225QL;
				GENERATE_INFOPLIST_FILE = YES;
				MARKETING_VERSION = 1.0;
				PRODUCT_BUNDLE_IDENTIFIER = umino.GourmetAppUITests;
				PRODUCT_NAME = "$(TARGET_NAME)";
				SWIFT_EMIT_LOC_STRINGS = NO;
				SWIFT_VERSION = 5.0;
				TARGETED_DEVICE_FAMILY = "1,2";
				TEST_TARGET_NAME = GourmetApp;
			};
			name = Debug;
		};
		C9D3CDC52C800CAD000D0615 /* Release */ = {
			isa = XCBuildConfiguration;
			baseConfigurationReference = AAA720E97614AD5F01CD996C /* Pods-GourmetApp-GourmetAppUITests.release.xcconfig */;
			buildSettings = {
				ALWAYS_EMBED_SWIFT_STANDARD_LIBRARIES = YES;
				CODE_SIGN_STYLE = Automatic;
				CURRENT_PROJECT_VERSION = 1;
				DEVELOPMENT_TEAM = PUQ67225QL;
				GENERATE_INFOPLIST_FILE = YES;
				MARKETING_VERSION = 1.0;
				PRODUCT_BUNDLE_IDENTIFIER = umino.GourmetAppUITests;
				PRODUCT_NAME = "$(TARGET_NAME)";
				SWIFT_EMIT_LOC_STRINGS = NO;
				SWIFT_VERSION = 5.0;
				TARGETED_DEVICE_FAMILY = "1,2";
				TEST_TARGET_NAME = GourmetApp;
			};
			name = Release;
		};
/* End XCBuildConfiguration section */

/* Begin XCConfigurationList section */
		C9D3CD8E2C800CAA000D0615 /* Build configuration list for PBXProject "GourmetApp" */ = {
			isa = XCConfigurationList;
			buildConfigurations = (
				C9D3CDBB2C800CAD000D0615 /* Debug */,
				C9D3CDBC2C800CAD000D0615 /* Release */,
			);
			defaultConfigurationIsVisible = 0;
			defaultConfigurationName = Release;
		};
		C9D3CDBD2C800CAD000D0615 /* Build configuration list for PBXNativeTarget "GourmetApp" */ = {
			isa = XCConfigurationList;
			buildConfigurations = (
				C9D3CDBE2C800CAD000D0615 /* Debug */,
				C9D3CDBF2C800CAD000D0615 /* Release */,
			);
			defaultConfigurationIsVisible = 0;
			defaultConfigurationName = Release;
		};
		C9D3CDC02C800CAD000D0615 /* Build configuration list for PBXNativeTarget "GourmetAppTests" */ = {
			isa = XCConfigurationList;
			buildConfigurations = (
				C9D3CDC12C800CAD000D0615 /* Debug */,
				C9D3CDC22C800CAD000D0615 /* Release */,
			);
			defaultConfigurationIsVisible = 0;
			defaultConfigurationName = Release;
		};
		C9D3CDC32C800CAD000D0615 /* Build configuration list for PBXNativeTarget "GourmetAppUITests" */ = {
			isa = XCConfigurationList;
			buildConfigurations = (
				C9D3CDC42C800CAD000D0615 /* Debug */,
				C9D3CDC52C800CAD000D0615 /* Release */,
			);
			defaultConfigurationIsVisible = 0;
			defaultConfigurationName = Release;
		};
/* End XCConfigurationList section */
	};
	rootObject = C9D3CD8B2C800CAA000D0615 /* Project object */;
}
